
Microsoft Visual Studio Solution File, Format Version 12.00
# Visual Studio 15
VisualStudioVersion = 15.0.28010.2026
MinimumVisualStudioVersion = 10.0.40219.1
Project("{FAE04EC0-301F-11D3-BF4B-00C04F79EFBC}") = "Allers", "Allers\Allers.csproj", "{568F25AE-9B14-4737-BDBF-3F1ACA7EA750}"
EndProject
Global
	GlobalSection(SolutionConfigurationPlatforms) = preSolution
		Debug|Any CPU = Debug|Any CPU
		Release|Any CPU = Release|Any CPU
	EndGlobalSection
	GlobalSection(ProjectConfigurationPlatforms) = postSolution
		{568F25AE-9B14-4737-BDBF-3F1ACA7EA750}.Debug|Any CPU.ActiveCfg = Debug|Any CPU
		{568F25AE-9B14-4737-BDBF-3F1ACA7EA750}.Debug|Any CPU.Build.0 = Debug|Any CPU
		{568F25AE-9B14-4737-BDBF-3F1ACA7EA750}.Release|Any CPU.ActiveCfg = Release|Any CPU
		{568F25AE-9B14-4737-BDBF-3F1ACA7EA750}.Release|Any CPU.Build.0 = Release|Any CPU
	EndGlobalSection
	GlobalSection(SolutionProperties) = preSolution
		HideSolutionNode = FALSE
	EndGlobalSection
	GlobalSection(ExtensibilityGlobals) = postSolution
		SolutionGuid = {3A83C93B-6DF1-461C-877B-406301E700D0}
	EndGlobalSection
EndGlobal
